<?xml version="1.0" encoding="UTF-8"?>
<!DOCTYPE plist PUBLIC "-//Apple//DTD PLIST 1.0//EN" "http://www.apple.com/DTDs/PropertyList-1.0.dtd">
<plist version="1.0">
<dict>
	<key>archiveVersion</key>
	<string>1</string>
	<key>classes</key>
	<dict/>
	<key>objectVersion</key>
	<string>46</string>
	<key>objects</key>
	<dict>
		<key>2AE55C3EA25B4983B9C2FCF7</key>
		<dict>
			<key>buildConfigurations</key>
			<array>
				<string>6F3757DD028345678A294ED2</string>
				<string>789D73602D9E4AE3A0D5926C</string>
			</array>
			<key>defaultConfigurationIsVisible</key>
			<string>0</string>
			<key>defaultConfigurationName</key>
			<string>Release</string>
			<key>isa</key>
			<string>XCConfigurationList</string>
		</dict>
		<key>3BC2E8BF315245BE97A72F96</key>
		<dict>
			<key>fileRef</key>
			<string>8E03FA63C698425AA00B4700</string>
			<key>isa</key>
			<string>PBXBuildFile</string>
			<key>settings</key>
			<dict>
				<key>ATTRIBUTES</key>
				<array>
					<string>Weak</string>
				</array>
			</dict>
		</dict>
		<key>3EDF291C3C374FDAB2DA49AA</key>
		<dict>
			<key>children</key>
			<array/>
			<key>isa</key>
			<string>PBXGroup</string>
			<key>name</key>
			<string>Products</string>
			<key>sourceTree</key>
			<string>&lt;group&gt;</string>
		</dict>
		<key>3F143A7238C24F6AB5C5537A</key>
		<dict>
			<key>children</key>
			<array>
				<string>3EDF291C3C374FDAB2DA49AA</string>
				<string>E7AAAF548E33464E83D837B1</string>
			</array>
			<key>isa</key>
			<string>PBXGroup</string>
			<key>sourceTree</key>
			<string>&lt;group&gt;</string>
		</dict>
		<key>509523B9C8B84E68960DEDB9</key>
		<dict>
			<key>children</key>
			<array>
				<string>D486A8A25C804C57AEC19E78</string>
			</array>
			<key>isa</key>
			<string>PBXGroup</string>
			<key>name</key>
			<string>Rollout</string>
			<key>sourceTree</key>
			<string>&lt;group&gt;</string>
		</dict>
		<key>5210BDA51C6D3742003CD7F7</key>
		<dict>
			<key>isa</key>
			<string>PBXFileReference</string>
			<key>lastKnownFileType</key>
			<string>wrapper.framework</string>
			<key>path</key>
			<string>Chartboost.framework</string>
			<key>sourceTree</key>
			<string>&lt;group&gt;</string>
		</dict>
		<key>5210BDA61C6D3742003CD7F7</key>
		<dict>
			<key>fileRef</key>
			<string>5210BDA51C6D3742003CD7F7</string>
			<key>isa</key>
			<string>PBXBuildFile</string>
		</dict>
		<key>5210BDA71C6D378A003CD7F7</key>
		<dict>
			<key>fileEncoding</key>
			<string>4</string>
			<key>isa</key>
			<string>PBXFileReference</string>
			<key>lastKnownFileType</key>
			<string>sourcecode.c.h</string>
			<key>path</key>
			<string>BridgerHeader.h</string>
			<key>sourceTree</key>
			<string>&lt;group&gt;</string>
		</dict>
		<key>52166F1F1C5839750046AF21</key>
		<dict>
			<key>fileEncoding</key>
			<string>4</string>
			<key>isa</key>
			<string>PBXFileReference</string>
			<key>lastKnownFileType</key>
			<string>sourcecode.swift</string>
			<key>path</key>
			<string>AppDelegate.swift</string>
			<key>sourceTree</key>
			<string>&lt;group&gt;</string>
		</dict>
		<key>52166F201C5839750046AF21</key>
		<dict>
			<key>fileRef</key>
			<string>52166F1F1C5839750046AF21</string>
			<key>isa</key>
			<string>PBXBuildFile</string>
		</dict>
		<key>52166F241C5843720046AF21</key>
		<dict>
			<key>fileEncoding</key>
			<string>4</string>
			<key>isa</key>
			<string>PBXFileReference</string>
			<key>lastKnownFileType</key>
			<string>sourcecode.swift</string>
			<key>path</key>
			<string>AdsUtility.swift</string>
			<key>sourceTree</key>
			<string>&lt;group&gt;</string>
		</dict>
		<key>52166F251C5843720046AF21</key>
		<dict>
			<key>fileRef</key>
			<string>52166F241C5843720046AF21</string>
			<key>isa</key>
			<string>PBXBuildFile</string>
		</dict>
		<key>52166F261C584AEE0046AF21</key>
		<dict>
			<key>isa</key>
			<string>PBXFileReference</string>
			<key>lastKnownFileType</key>
			<string>wrapper.framework</string>
			<key>name</key>
			<string>StoreKit.framework</string>
			<key>path</key>
			<string>System/Library/Frameworks/StoreKit.framework</string>
			<key>sourceTree</key>
			<string>SDKROOT</string>
		</dict>
		<key>52166F271C584AEE0046AF21</key>
		<dict>
			<key>fileRef</key>
			<string>52166F261C584AEE0046AF21</string>
			<key>isa</key>
			<string>PBXBuildFile</string>
		</dict>
		<key>52288DC21C5B69C500CA00DC</key>
		<dict>
			<key>isa</key>
			<string>PBXFileReference</string>
			<key>lastKnownFileType</key>
			<string>wrapper.framework</string>
			<key>name</key>
			<string>GameKit.framework</string>
			<key>path</key>
			<string>System/Library/Frameworks/GameKit.framework</string>
			<key>sourceTree</key>
			<string>SDKROOT</string>
		</dict>
		<key>52288DC31C5B69C500CA00DC</key>
		<dict>
			<key>fileRef</key>
			<string>52288DC21C5B69C500CA00DC</string>
			<key>isa</key>
			<string>PBXBuildFile</string>
		</dict>
		<key>52288DC81C5C370900CA00DC</key>
		<dict>
			<key>children</key>
			<array>
				<string>52288DCD1C5C3D5400CA00DC</string>
				<string>52288DCF1C5C3D8000CA00DC</string>
				<string>52BFDD021C5C4A070085F805</string>
				<string>52288DCB1C5C3D0A00CA00DC</string>
			</array>
			<key>isa</key>
			<string>PBXGroup</string>
			<key>name</key>
			<string>Audio</string>
			<key>sourceTree</key>
			<string>&lt;group&gt;</string>
		</dict>
		<key>52288DCB1C5C3D0A00CA00DC</key>
		<dict>
			<key>isa</key>
			<string>PBXFileReference</string>
			<key>lastKnownFileType</key>
			<string>audio.mp3</string>
			<key>path</key>
			<string>Retrol.mp3</string>
			<key>sourceTree</key>
			<string>&lt;group&gt;</string>
		</dict>
		<key>52288DCC1C5C3D0A00CA00DC</key>
		<dict>
			<key>fileRef</key>
			<string>52288DCB1C5C3D0A00CA00DC</string>
			<key>isa</key>
			<string>PBXBuildFile</string>
		</dict>
		<key>52288DCD1C5C3D5400CA00DC</key>
		<dict>
			<key>isa</key>
			<string>PBXFileReference</string>
			<key>lastKnownFileType</key>
			<string>audio.mp3</string>
			<key>path</key>
			<string>HighScore.mp3</string>
			<key>sourceTree</key>
			<string>&lt;group&gt;</string>
		</dict>
		<key>52288DCE1C5C3D5400CA00DC</key>
		<dict>
			<key>fileRef</key>
			<string>52288DCD1C5C3D5400CA00DC</string>
			<key>isa</key>
			<string>PBXBuildFile</string>
		</dict>
		<key>52288DCF1C5C3D8000CA00DC</key>
		<dict>
			<key>isa</key>
			<string>PBXFileReference</string>
			<key>lastKnownFileType</key>
			<string>audio.mp3</string>
			<key>path</key>
			<string>gameOver.mp3</string>
			<key>sourceTree</key>
			<string>&lt;group&gt;</string>
		</dict>
		<key>52288DD01C5C3D8000CA00DC</key>
		<dict>
			<key>fileRef</key>
			<string>52288DCF1C5C3D8000CA00DC</string>
			<key>isa</key>
			<string>PBXBuildFile</string>
		</dict>
		<key>52469DFE1C614F6C00F5B670</key>
		<dict>
			<key>isa</key>
			<string>PBXFileReference</string>
			<key>lastKnownFileType</key>
			<string>image.png</string>
			<key>path</key>
			<string>LaunchTry4.png</string>
			<key>sourceTree</key>
			<string>&lt;group&gt;</string>
		</dict>
		<key>52469DFF1C614F6C00F5B670</key>
		<dict>
			<key>fileRef</key>
			<string>52469DFE1C614F6C00F5B670</string>
			<key>isa</key>
			<string>PBXBuildFile</string>
		</dict>
		<key>526CE8961C4F5EA900D89CC7</key>
		<dict>
			<key>children</key>
			<array>
				<string>5210BDA51C6D3742003CD7F7</string>
				<string>52833DEB1C6A9E00008D081F</string>
				<string>52833DEC1C6A9E00008D081F</string>
				<string>52833DED1C6A9E00008D081F</string>
				<string>52833DEE1C6A9E00008D081F</string>
				<string>52833DEF1C6A9E00008D081F</string>
				<string>52833DF01C6A9E00008D081F</string>
				<string>52833DF11C6A9E00008D081F</string>
				<string>52833DF21C6A9E00008D081F</string>
				<string>52833DE91C6A9DBE008D081F</string>
				<string>52833DE71C6A9D4C008D081F</string>
				<string>52BFDD061C5EAAB90085F805</string>
				<string>52288DC21C5B69C500CA00DC</string>
				<string>52166F261C584AEE0046AF21</string>
				<string>526E49F11C582DE3000F461D</string>
				<string>526E49F21C582DE3000F461D</string>
				<string>526E49EF1C582DC1000F461D</string>
				<string>526E49E61C574BFE000F461D</string>
				<string>526E49E41C574BF7000F461D</string>
				<string>52288DC81C5C370900CA00DC</string>
				<string>526CE8A11C4F5EA900D89CC7</string>
				<string>526CE8BA1C4F5EAA00D89CC7</string>
				<string>526CE8C51C4F5EAA00D89CC7</string>
				<string>526CE8A01C4F5EA900D89CC7</string>
				<string>509523B9C8B84E68960DEDB9</string>
				<string>8F3D71DC4E04445F8398257E</string>
			</array>
			<key>isa</key>
			<string>PBXGroup</string>
			<key>sourceTree</key>
			<string>&lt;group&gt;</string>
		</dict>
		<key>526CE8971C4F5EA900D89CC7</key>
		<dict>
			<key>attributes</key>
			<dict>
				<key>LastSwiftUpdateCheck</key>
				<string>0720</string>
				<key>LastUpgradeCheck</key>
				<string>0720</string>
				<key>ORGANIZATIONNAME</key>
				<string>Adrian  Humphrey</string>
				<key>TargetAttributes</key>
				<dict>
					<key>526CE89E1C4F5EA900D89CC7</key>
					<dict>
						<key>CreatedOnToolsVersion</key>
						<string>7.2</string>
						<key>DevelopmentTeam</key>
						<string>S57MEAYY9V</string>
						<key>SystemCapabilities</key>
						<dict>
							<key>com.apple.GameCenter</key>
							<dict>
								<key>enabled</key>
								<string>1</string>
							</dict>
						</dict>
					</dict>
					<key>526CE8B61C4F5EAA00D89CC7</key>
					<dict>
						<key>CreatedOnToolsVersion</key>
						<string>7.2</string>
						<key>TestTargetID</key>
						<string>526CE89E1C4F5EA900D89CC7</string>
					</dict>
					<key>526CE8C11C4F5EAA00D89CC7</key>
					<dict>
						<key>CreatedOnToolsVersion</key>
						<string>7.2</string>
						<key>TestTargetID</key>
						<string>526CE89E1C4F5EA900D89CC7</string>
					</dict>
				</dict>
			</dict>
			<key>buildConfigurationList</key>
			<string>526CE89A1C4F5EA900D89CC7</string>
			<key>compatibilityVersion</key>
			<string>Xcode 3.2</string>
			<key>developmentRegion</key>
			<string>English</string>
			<key>hasScannedForEncodings</key>
			<string>0</string>
			<key>isa</key>
			<string>PBXProject</string>
			<key>knownRegions</key>
			<array>
				<string>en</string>
				<string>Base</string>
			</array>
			<key>mainGroup</key>
			<string>526CE8961C4F5EA900D89CC7</string>
			<key>productRefGroup</key>
			<string>526CE8A01C4F5EA900D89CC7</string>
			<key>projectDirPath</key>
			<string></string>
			<key>projectReferences</key>
			<array/>
			<key>projectRoot</key>
			<string></string>
			<key>targets</key>
			<array>
				<string>526CE89E1C4F5EA900D89CC7</string>
				<string>526CE8B61C4F5EAA00D89CC7</string>
				<string>526CE8C11C4F5EAA00D89CC7</string>
			</array>
		</dict>
		<key>526CE89A1C4F5EA900D89CC7</key>
		<dict>
			<key>buildConfigurations</key>
			<array>
				<string>526CE8C91C4F5EAA00D89CC7</string>
				<string>526CE8CA1C4F5EAA00D89CC7</string>
			</array>
			<key>defaultConfigurationIsVisible</key>
			<string>0</string>
			<key>defaultConfigurationName</key>
			<string>Release</string>
			<key>isa</key>
			<string>XCConfigurationList</string>
		</dict>
		<key>526CE89B1C4F5EA900D89CC7</key>
		<dict>
			<key>buildActionMask</key>
			<string>2147483647</string>
			<key>files</key>
			<array>
				<string>526CE8A71C4F5EA900D89CC7</string>
				<string>526CE8A91C4F5EA900D89CC7</string>
				<string>52166F251C5843720046AF21</string>
				<string>52166F201C5839750046AF21</string>
				<string>52A68C0D1C55B954007A243C</string>
				<string>52833DFB1C6AAAFB008D081F</string>
			</array>
			<key>isa</key>
			<string>PBXSourcesBuildPhase</string>
			<key>runOnlyForDeploymentPostprocessing</key>
			<string>0</string>
		</dict>
		<key>526CE89C1C4F5EA900D89CC7</key>
		<dict>
			<key>buildActionMask</key>
			<string>2147483647</string>
			<key>files</key>
			<array>
				<string>52833DF31C6A9E00008D081F</string>
				<string>52833DF41C6A9E00008D081F</string>
				<string>52833DF51C6A9E00008D081F</string>
				<string>5210BDA61C6D3742003CD7F7</string>
				<string>52833DF71C6A9E00008D081F</string>
				<string>52833DF81C6A9E00008D081F</string>
				<string>52833DF91C6A9E00008D081F</string>
				<string>52833DFA1C6A9E00008D081F</string>
				<string>52833DEA1C6A9DBE008D081F</string>
				<string>52BFDD071C5EAABA0085F805</string>
				<string>52166F271C584AEE0046AF21</string>
				<string>526E49F31C582DE3000F461D</string>
				<string>526E49F01C582DC1000F461D</string>
				<string>526E49E71C574BFE000F461D</string>
				<string>526E49E51C574BF7000F461D</string>
				<string>52288DC31C5B69C500CA00DC</string>
				<string>C3B36613BD4E41F5A6566664</string>
				<string>3BC2E8BF315245BE97A72F96</string>
			</array>
			<key>isa</key>
			<string>PBXFrameworksBuildPhase</string>
			<key>runOnlyForDeploymentPostprocessing</key>
			<string>0</string>
		</dict>
		<key>526CE89D1C4F5EA900D89CC7</key>
		<dict>
			<key>buildActionMask</key>
			<string>2147483647</string>
			<key>files</key>
			<array>
				<string>52469DFF1C614F6C00F5B670</string>
				<string>52288DD01C5C3D8000CA00DC</string>
				<string>526CE8A51C4F5EA900D89CC7</string>
				<string>52833DFD1C6AF8CB008D081F</string>
				<string>52288DCE1C5C3D5400CA00DC</string>
				<string>526CE8AE1C4F5EA900D89CC7</string>
				<string>52BFDD031C5C4A070085F805</string>
				<string>52288DCC1C5C3D0A00CA00DC</string>
				<string>526CE8AC1C4F5EA900D89CC7</string>
			</array>
			<key>isa</key>
			<string>PBXResourcesBuildPhase</string>
			<key>runOnlyForDeploymentPostprocessing</key>
			<string>0</string>
		</dict>
		<key>526CE89E1C4F5EA900D89CC7</key>
		<dict>
			<key>buildConfigurationList</key>
			<string>526CE8CB1C4F5EAA00D89CC7</string>
			<key>buildPhases</key>
			<array>
				<string>526CE89B1C4F5EA900D89CC7</string>
				<string>526CE89C1C4F5EA900D89CC7</string>
				<string>526CE89D1C4F5EA900D89CC7</string>
				<string>55D6B26C34D84861AEE2ADBB</string>
			</array>
			<key>buildRules</key>
			<array/>
			<key>dependencies</key>
			<array/>
			<key>isa</key>
			<string>PBXNativeTarget</string>
			<key>name</key>
			<string>TetraSwipe</string>
			<key>productName</key>
			<string>TouchGame</string>
			<key>productReference</key>
			<string>526CE89F1C4F5EA900D89CC7</string>
			<key>productType</key>
			<string>com.apple.product-type.application</string>
		</dict>
		<key>526CE89F1C4F5EA900D89CC7</key>
		<dict>
			<key>explicitFileType</key>
			<string>wrapper.application</string>
			<key>includeInIndex</key>
			<string>0</string>
			<key>isa</key>
			<string>PBXFileReference</string>
			<key>path</key>
			<string>TetraSwipe.app</string>
			<key>sourceTree</key>
			<string>BUILT_PRODUCTS_DIR</string>
		</dict>
		<key>526CE8A01C4F5EA900D89CC7</key>
		<dict>
			<key>children</key>
			<array>
				<string>526CE89F1C4F5EA900D89CC7</string>
				<string>526CE8B71C4F5EAA00D89CC7</string>
				<string>526CE8C21C4F5EAA00D89CC7</string>
			</array>
			<key>isa</key>
			<string>PBXGroup</string>
			<key>name</key>
			<string>Products</string>
			<key>sourceTree</key>
			<string>&lt;group&gt;</string>
		</dict>
		<key>526CE8A11C4F5EA900D89CC7</key>
		<dict>
			<key>children</key>
			<array>
				<string>5210BDA71C6D378A003CD7F7</string>
				<string>52833DFC1C6AF8CB008D081F</string>
				<string>526CE8A41C4F5EA900D89CC7</string>
				<string>526CE8A61C4F5EA900D89CC7</string>
				<string>526E49E81C581CDA000F461D</string>
				<string>52A68C0C1C55B954007A243C</string>
				<string>52166F1F1C5839750046AF21</string>
				<string>52166F241C5843720046AF21</string>
				<string>526CE8A81C4F5EA900D89CC7</string>
				<string>526CE8AA1C4F5EA900D89CC7</string>
				<string>526CE8AD1C4F5EA900D89CC7</string>
				<string>526CE8B21C4F5EA900D89CC7</string>
				<string>526E49ED1C5826F9000F461D</string>
			</array>
			<key>isa</key>
			<string>PBXGroup</string>
			<key>path</key>
			<string>TouchGame</string>
			<key>sourceTree</key>
			<string>&lt;group&gt;</string>
		</dict>
		<key>526CE8A41C4F5EA900D89CC7</key>
		<dict>
			<key>isa</key>
			<string>PBXFileReference</string>
			<key>lastKnownFileType</key>
			<string>file.sks</string>
			<key>path</key>
			<string>GameScene.sks</string>
			<key>sourceTree</key>
			<string>&lt;group&gt;</string>
		</dict>
		<key>526CE8A51C4F5EA900D89CC7</key>
		<dict>
			<key>fileRef</key>
			<string>526CE8A41C4F5EA900D89CC7</string>
			<key>isa</key>
			<string>PBXBuildFile</string>
		</dict>
		<key>526CE8A61C4F5EA900D89CC7</key>
		<dict>
			<key>isa</key>
			<string>PBXFileReference</string>
			<key>lastKnownFileType</key>
			<string>sourcecode.swift</string>
			<key>path</key>
			<string>GameScene.swift</string>
			<key>sourceTree</key>
			<string>&lt;group&gt;</string>
		</dict>
		<key>526CE8A71C4F5EA900D89CC7</key>
		<dict>
			<key>fileRef</key>
			<string>526CE8A61C4F5EA900D89CC7</string>
			<key>isa</key>
			<string>PBXBuildFile</string>
		</dict>
		<key>526CE8A81C4F5EA900D89CC7</key>
		<dict>
			<key>isa</key>
			<string>PBXFileReference</string>
			<key>lastKnownFileType</key>
			<string>sourcecode.swift</string>
			<key>path</key>
			<string>GameViewController.swift</string>
			<key>sourceTree</key>
			<string>&lt;group&gt;</string>
		</dict>
		<key>526CE8A91C4F5EA900D89CC7</key>
		<dict>
			<key>fileRef</key>
			<string>526CE8A81C4F5EA900D89CC7</string>
			<key>isa</key>
			<string>PBXBuildFile</string>
		</dict>
		<key>526CE8AA1C4F5EA900D89CC7</key>
		<dict>
			<key>children</key>
			<array>
				<string>526CE8AB1C4F5EA900D89CC7</string>
			</array>
			<key>isa</key>
			<string>PBXVariantGroup</string>
			<key>name</key>
			<string>Main.storyboard</string>
			<key>sourceTree</key>
			<string>&lt;group&gt;</string>
		</dict>
		<key>526CE8AB1C4F5EA900D89CC7</key>
		<dict>
			<key>isa</key>
			<string>PBXFileReference</string>
			<key>lastKnownFileType</key>
			<string>file.storyboard</string>
			<key>name</key>
			<string>Base</string>
			<key>path</key>
			<string>Base.lproj/Main.storyboard</string>
			<key>sourceTree</key>
			<string>&lt;group&gt;</string>
		</dict>
		<key>526CE8AC1C4F5EA900D89CC7</key>
		<dict>
			<key>fileRef</key>
			<string>526CE8AA1C4F5EA900D89CC7</string>
			<key>isa</key>
			<string>PBXBuildFile</string>
		</dict>
		<key>526CE8AD1C4F5EA900D89CC7</key>
		<dict>
			<key>isa</key>
			<string>PBXFileReference</string>
			<key>lastKnownFileType</key>
			<string>folder.assetcatalog</string>
			<key>path</key>
			<string>Assets.xcassets</string>
			<key>sourceTree</key>
			<string>&lt;group&gt;</string>
		</dict>
		<key>526CE8AE1C4F5EA900D89CC7</key>
		<dict>
			<key>fileRef</key>
			<string>526CE8AD1C4F5EA900D89CC7</string>
			<key>isa</key>
			<string>PBXBuildFile</string>
		</dict>
		<key>526CE8B21C4F5EA900D89CC7</key>
		<dict>
			<key>isa</key>
			<string>PBXFileReference</string>
			<key>lastKnownFileType</key>
			<string>text.plist.xml</string>
			<key>path</key>
			<string>Info.plist</string>
			<key>sourceTree</key>
			<string>&lt;group&gt;</string>
		</dict>
		<key>526CE8B31C4F5EAA00D89CC7</key>
		<dict>
			<key>buildActionMask</key>
			<string>2147483647</string>
			<key>files</key>
			<array>
				<string>526CE8BC1C4F5EAA00D89CC7</string>
			</array>
			<key>isa</key>
			<string>PBXSourcesBuildPhase</string>
			<key>runOnlyForDeploymentPostprocessing</key>
			<string>0</string>
		</dict>
		<key>526CE8B41C4F5EAA00D89CC7</key>
		<dict>
			<key>buildActionMask</key>
			<string>2147483647</string>
			<key>files</key>
			<array/>
			<key>isa</key>
			<string>PBXFrameworksBuildPhase</string>
			<key>runOnlyForDeploymentPostprocessing</key>
			<string>0</string>
		</dict>
		<key>526CE8B51C4F5EAA00D89CC7</key>
		<dict>
			<key>buildActionMask</key>
			<string>2147483647</string>
			<key>files</key>
			<array/>
			<key>isa</key>
			<string>PBXResourcesBuildPhase</string>
			<key>runOnlyForDeploymentPostprocessing</key>
			<string>0</string>
		</dict>
		<key>526CE8B61C4F5EAA00D89CC7</key>
		<dict>
			<key>buildConfigurationList</key>
			<string>526CE8CE1C4F5EAA00D89CC7</string>
			<key>buildPhases</key>
			<array>
				<string>526CE8B31C4F5EAA00D89CC7</string>
				<string>526CE8B41C4F5EAA00D89CC7</string>
				<string>526CE8B51C4F5EAA00D89CC7</string>
			</array>
			<key>buildRules</key>
			<array/>
			<key>dependencies</key>
			<array>
				<string>526CE8B91C4F5EAA00D89CC7</string>
			</array>
			<key>isa</key>
			<string>PBXNativeTarget</string>
			<key>name</key>
			<string>TetraSwipeTests</string>
			<key>productName</key>
			<string>TouchGameTests</string>
			<key>productReference</key>
			<string>526CE8B71C4F5EAA00D89CC7</string>
			<key>productType</key>
			<string>com.apple.product-type.bundle.unit-test</string>
		</dict>
		<key>526CE8B71C4F5EAA00D89CC7</key>
		<dict>
			<key>explicitFileType</key>
			<string>wrapper.cfbundle</string>
			<key>includeInIndex</key>
			<string>0</string>
			<key>isa</key>
			<string>PBXFileReference</string>
			<key>path</key>
			<string>TetraSwipe.xctest</string>
			<key>sourceTree</key>
			<string>BUILT_PRODUCTS_DIR</string>
		</dict>
		<key>526CE8B81C4F5EAA00D89CC7</key>
		<dict>
			<key>containerPortal</key>
			<string>526CE8971C4F5EA900D89CC7</string>
			<key>isa</key>
			<string>PBXContainerItemProxy</string>
			<key>proxyType</key>
			<string>1</string>
			<key>remoteGlobalIDString</key>
			<string>526CE89E1C4F5EA900D89CC7</string>
			<key>remoteInfo</key>
			<string>TouchGame</string>
		</dict>
		<key>526CE8B91C4F5EAA00D89CC7</key>
		<dict>
			<key>isa</key>
			<string>PBXTargetDependency</string>
			<key>target</key>
			<string>526CE89E1C4F5EA900D89CC7</string>
			<key>targetProxy</key>
			<string>526CE8B81C4F5EAA00D89CC7</string>
		</dict>
		<key>526CE8BA1C4F5EAA00D89CC7</key>
		<dict>
			<key>children</key>
			<array>
				<string>526CE8BB1C4F5EAA00D89CC7</string>
				<string>526CE8BD1C4F5EAA00D89CC7</string>
			</array>
			<key>isa</key>
			<string>PBXGroup</string>
			<key>path</key>
			<string>TouchGameTests</string>
			<key>sourceTree</key>
			<string>&lt;group&gt;</string>
		</dict>
		<key>526CE8BB1C4F5EAA00D89CC7</key>
		<dict>
			<key>isa</key>
			<string>PBXFileReference</string>
			<key>lastKnownFileType</key>
			<string>sourcecode.swift</string>
			<key>path</key>
			<string>TouchGameTests.swift</string>
			<key>sourceTree</key>
			<string>&lt;group&gt;</string>
		</dict>
		<key>526CE8BC1C4F5EAA00D89CC7</key>
		<dict>
			<key>fileRef</key>
			<string>526CE8BB1C4F5EAA00D89CC7</string>
			<key>isa</key>
			<string>PBXBuildFile</string>
		</dict>
		<key>526CE8BD1C4F5EAA00D89CC7</key>
		<dict>
			<key>isa</key>
			<string>PBXFileReference</string>
			<key>lastKnownFileType</key>
			<string>text.plist.xml</string>
			<key>path</key>
			<string>Info.plist</string>
			<key>sourceTree</key>
			<string>&lt;group&gt;</string>
		</dict>
		<key>526CE8BE1C4F5EAA00D89CC7</key>
		<dict>
			<key>buildActionMask</key>
			<string>2147483647</string>
			<key>files</key>
			<array>
				<string>526CE8C71C4F5EAA00D89CC7</string>
			</array>
			<key>isa</key>
			<string>PBXSourcesBuildPhase</string>
			<key>runOnlyForDeploymentPostprocessing</key>
			<string>0</string>
		</dict>
		<key>526CE8BF1C4F5EAA00D89CC7</key>
		<dict>
			<key>buildActionMask</key>
			<string>2147483647</string>
			<key>files</key>
			<array/>
			<key>isa</key>
			<string>PBXFrameworksBuildPhase</string>
			<key>runOnlyForDeploymentPostprocessing</key>
			<string>0</string>
		</dict>
		<key>526CE8C01C4F5EAA00D89CC7</key>
		<dict>
			<key>buildActionMask</key>
			<string>2147483647</string>
			<key>files</key>
			<array/>
			<key>isa</key>
			<string>PBXResourcesBuildPhase</string>
			<key>runOnlyForDeploymentPostprocessing</key>
			<string>0</string>
		</dict>
		<key>526CE8C11C4F5EAA00D89CC7</key>
		<dict>
			<key>buildConfigurationList</key>
			<string>526CE8D11C4F5EAA00D89CC7</string>
			<key>buildPhases</key>
			<array>
				<string>526CE8BE1C4F5EAA00D89CC7</string>
				<string>526CE8BF1C4F5EAA00D89CC7</string>
				<string>526CE8C01C4F5EAA00D89CC7</string>
			</array>
			<key>buildRules</key>
			<array/>
			<key>dependencies</key>
			<array>
				<string>526CE8C41C4F5EAA00D89CC7</string>
			</array>
			<key>isa</key>
			<string>PBXNativeTarget</string>
			<key>name</key>
			<string>TetraSwipeUITests</string>
			<key>productName</key>
			<string>TouchGameUITests</string>
			<key>productReference</key>
			<string>526CE8C21C4F5EAA00D89CC7</string>
			<key>productType</key>
			<string>com.apple.product-type.bundle.ui-testing</string>
		</dict>
		<key>526CE8C21C4F5EAA00D89CC7</key>
		<dict>
			<key>explicitFileType</key>
			<string>wrapper.cfbundle</string>
			<key>includeInIndex</key>
			<string>0</string>
			<key>isa</key>
			<string>PBXFileReference</string>
			<key>path</key>
			<string>TetraSwipe.xctest</string>
			<key>sourceTree</key>
			<string>BUILT_PRODUCTS_DIR</string>
		</dict>
		<key>526CE8C31C4F5EAA00D89CC7</key>
		<dict>
			<key>containerPortal</key>
			<string>526CE8971C4F5EA900D89CC7</string>
			<key>isa</key>
			<string>PBXContainerItemProxy</string>
			<key>proxyType</key>
			<string>1</string>
			<key>remoteGlobalIDString</key>
			<string>526CE89E1C4F5EA900D89CC7</string>
			<key>remoteInfo</key>
			<string>TouchGame</string>
		</dict>
		<key>526CE8C41C4F5EAA00D89CC7</key>
		<dict>
			<key>isa</key>
			<string>PBXTargetDependency</string>
			<key>target</key>
			<string>526CE89E1C4F5EA900D89CC7</string>
			<key>targetProxy</key>
			<string>526CE8C31C4F5EAA00D89CC7</string>
		</dict>
		<key>526CE8C51C4F5EAA00D89CC7</key>
		<dict>
			<key>children</key>
			<array>
				<string>526CE8C61C4F5EAA00D89CC7</string>
				<string>526CE8C81C4F5EAA00D89CC7</string>
			</array>
			<key>isa</key>
			<string>PBXGroup</string>
			<key>path</key>
			<string>TouchGameUITests</string>
			<key>sourceTree</key>
			<string>&lt;group&gt;</string>
		</dict>
		<key>526CE8C61C4F5EAA00D89CC7</key>
		<dict>
			<key>isa</key>
			<string>PBXFileReference</string>
			<key>lastKnownFileType</key>
			<string>sourcecode.swift</string>
			<key>path</key>
			<string>TouchGameUITests.swift</string>
			<key>sourceTree</key>
			<string>&lt;group&gt;</string>
		</dict>
		<key>526CE8C71C4F5EAA00D89CC7</key>
		<dict>
			<key>fileRef</key>
			<string>526CE8C61C4F5EAA00D89CC7</string>
			<key>isa</key>
			<string>PBXBuildFile</string>
		</dict>
		<key>526CE8C81C4F5EAA00D89CC7</key>
		<dict>
			<key>isa</key>
			<string>PBXFileReference</string>
			<key>lastKnownFileType</key>
			<string>text.plist.xml</string>
			<key>path</key>
			<string>Info.plist</string>
			<key>sourceTree</key>
			<string>&lt;group&gt;</string>
		</dict>
		<key>526CE8C91C4F5EAA00D89CC7</key>
		<dict>
			<key>buildSettings</key>
			<dict>
				<key>ALWAYS_SEARCH_USER_PATHS</key>
				<string>NO</string>
				<key>CLANG_CXX_LANGUAGE_STANDARD</key>
				<string>gnu++0x</string>
				<key>CLANG_CXX_LIBRARY</key>
				<string>libc++</string>
				<key>CLANG_ENABLE_MODULES</key>
				<string>YES</string>
				<key>CLANG_ENABLE_OBJC_ARC</key>
				<string>YES</string>
				<key>CLANG_WARN_BOOL_CONVERSION</key>
				<string>YES</string>
				<key>CLANG_WARN_CONSTANT_CONVERSION</key>
				<string>YES</string>
				<key>CLANG_WARN_DIRECT_OBJC_ISA_USAGE</key>
				<string>YES_ERROR</string>
				<key>CLANG_WARN_EMPTY_BODY</key>
				<string>YES</string>
				<key>CLANG_WARN_ENUM_CONVERSION</key>
				<string>YES</string>
				<key>CLANG_WARN_INT_CONVERSION</key>
				<string>YES</string>
				<key>CLANG_WARN_OBJC_ROOT_CLASS</key>
				<string>YES_ERROR</string>
				<key>CLANG_WARN_UNREACHABLE_CODE</key>
				<string>YES</string>
				<key>CLANG_WARN__DUPLICATE_METHOD_MATCH</key>
				<string>YES</string>
				<key>CODE_SIGN_IDENTITY[sdk=iphoneos*]</key>
				<string>iPhone Developer</string>
				<key>COPY_PHASE_STRIP</key>
				<string>NO</string>
				<key>DEBUG_INFORMATION_FORMAT</key>
				<string>dwarf-with-dsym</string>
				<key>ENABLE_STRICT_OBJC_MSGSEND</key>
				<string>YES</string>
				<key>ENABLE_TESTABILITY</key>
				<string>YES</string>
				<key>GCC_C_LANGUAGE_STANDARD</key>
				<string>gnu99</string>
				<key>GCC_DYNAMIC_NO_PIC</key>
				<string>NO</string>
				<key>GCC_NO_COMMON_BLOCKS</key>
				<string>YES</string>
				<key>GCC_OPTIMIZATION_LEVEL</key>
				<string>0</string>
				<key>GCC_PREPROCESSOR_DEFINITIONS</key>
				<array>
					<string>DEBUG=1</string>
					<string>$(inherited)</string>
				</array>
				<key>GCC_WARN_64_TO_32_BIT_CONVERSION</key>
				<string>YES</string>
				<key>GCC_WARN_ABOUT_RETURN_TYPE</key>
				<string>YES_ERROR</string>
				<key>GCC_WARN_UNDECLARED_SELECTOR</key>
				<string>YES</string>
				<key>GCC_WARN_UNINITIALIZED_AUTOS</key>
				<string>YES_AGGRESSIVE</string>
				<key>GCC_WARN_UNUSED_FUNCTION</key>
				<string>YES</string>
				<key>GCC_WARN_UNUSED_VARIABLE</key>
				<string>YES</string>
				<key>IPHONEOS_DEPLOYMENT_TARGET</key>
				<string>9.2</string>
				<key>MTL_ENABLE_DEBUG_INFO</key>
				<string>YES</string>
				<key>ONLY_ACTIVE_ARCH</key>
				<string>YES</string>
				<key>SDKROOT</key>
				<string>iphoneos</string>
				<key>SWIFT_OPTIMIZATION_LEVEL</key>
				<string>-Onone</string>
			</dict>
			<key>isa</key>
			<string>XCBuildConfiguration</string>
			<key>name</key>
			<string>Debug</string>
		</dict>
		<key>526CE8CA1C4F5EAA00D89CC7</key>
		<dict>
			<key>buildSettings</key>
			<dict>
				<key>ALWAYS_SEARCH_USER_PATHS</key>
				<string>NO</string>
				<key>CLANG_CXX_LANGUAGE_STANDARD</key>
				<string>gnu++0x</string>
				<key>CLANG_CXX_LIBRARY</key>
				<string>libc++</string>
				<key>CLANG_ENABLE_MODULES</key>
				<string>YES</string>
				<key>CLANG_ENABLE_OBJC_ARC</key>
				<string>YES</string>
				<key>CLANG_WARN_BOOL_CONVERSION</key>
				<string>YES</string>
				<key>CLANG_WARN_CONSTANT_CONVERSION</key>
				<string>YES</string>
				<key>CLANG_WARN_DIRECT_OBJC_ISA_USAGE</key>
				<string>YES_ERROR</string>
				<key>CLANG_WARN_EMPTY_BODY</key>
				<string>YES</string>
				<key>CLANG_WARN_ENUM_CONVERSION</key>
				<string>YES</string>
				<key>CLANG_WARN_INT_CONVERSION</key>
				<string>YES</string>
				<key>CLANG_WARN_OBJC_ROOT_CLASS</key>
				<string>YES_ERROR</string>
				<key>CLANG_WARN_UNREACHABLE_CODE</key>
				<string>YES</string>
				<key>CLANG_WARN__DUPLICATE_METHOD_MATCH</key>
				<string>YES</string>
				<key>CODE_SIGN_IDENTITY[sdk=iphoneos*]</key>
				<string>iPhone Developer</string>
				<key>COPY_PHASE_STRIP</key>
				<string>NO</string>
				<key>DEBUG_INFORMATION_FORMAT</key>
				<string>dwarf-with-dsym</string>
				<key>ENABLE_NS_ASSERTIONS</key>
				<string>NO</string>
				<key>ENABLE_STRICT_OBJC_MSGSEND</key>
				<string>YES</string>
				<key>GCC_C_LANGUAGE_STANDARD</key>
				<string>gnu99</string>
				<key>GCC_NO_COMMON_BLOCKS</key>
				<string>YES</string>
				<key>GCC_WARN_64_TO_32_BIT_CONVERSION</key>
				<string>YES</string>
				<key>GCC_WARN_ABOUT_RETURN_TYPE</key>
				<string>YES_ERROR</string>
				<key>GCC_WARN_UNDECLARED_SELECTOR</key>
				<string>YES</string>
				<key>GCC_WARN_UNINITIALIZED_AUTOS</key>
				<string>YES_AGGRESSIVE</string>
				<key>GCC_WARN_UNUSED_FUNCTION</key>
				<string>YES</string>
				<key>GCC_WARN_UNUSED_VARIABLE</key>
				<string>YES</string>
				<key>IPHONEOS_DEPLOYMENT_TARGET</key>
				<string>9.2</string>
				<key>MTL_ENABLE_DEBUG_INFO</key>
				<string>NO</string>
				<key>SDKROOT</key>
				<string>iphoneos</string>
				<key>VALIDATE_PRODUCT</key>
				<string>YES</string>
			</dict>
			<key>isa</key>
			<string>XCBuildConfiguration</string>
			<key>name</key>
			<string>Release</string>
		</dict>
		<key>526CE8CB1C4F5EAA00D89CC7</key>
		<dict>
			<key>buildConfigurations</key>
			<array>
				<string>526CE8CC1C4F5EAA00D89CC7</string>
				<string>526CE8CD1C4F5EAA00D89CC7</string>
			</array>
			<key>defaultConfigurationIsVisible</key>
			<string>0</string>
			<key>defaultConfigurationName</key>
			<string>Release</string>
			<key>isa</key>
			<string>XCConfigurationList</string>
		</dict>
		<key>526CE8CC1C4F5EAA00D89CC7</key>
		<dict>
			<key>buildSettings</key>
			<dict>
				<key>ASSETCATALOG_COMPILER_APPICON_NAME</key>
				<string>AppIcon</string>
				<key>CODE_SIGN_IDENTITY</key>
				<string>iPhone Developer</string>
				<key>CODE_SIGN_IDENTITY[sdk=iphoneos*]</key>
				<string>iPhone Developer</string>
				<key>ENABLE_BITCODE</key>
				<string>NO</string>
				<key>FRAMEWORK_SEARCH_PATHS</key>
				<array>
					<string>$(inherited)</string>
					<string>$(PROJECT_DIR)/TouchGame</string>
					<string>$(PROJECT_DIR)</string>
					<string>Rollout-ios-SDK/Rollout</string>
				</array>
				<key>INFOPLIST_FILE</key>
				<string>TouchGame/Info.plist</string>
				<key>IPHONEOS_DEPLOYMENT_TARGET</key>
				<string>8.4</string>
				<key>LD_RUNPATH_SEARCH_PATHS</key>
				<string>$(inherited) @executable_path/Frameworks</string>
				<key>PRODUCT_BUNDLE_IDENTIFIER</key>
				<string>.com.HumpTrump.TouchGame</string>
				<key>PRODUCT_NAME</key>
				<string>TetraSwipe</string>
				<key>PROVISIONING_PROFILE</key>
				<string></string>
				<key>SWIFT_OBJC_BRIDGING_HEADER</key>
				<string>TouchGame/BridgerHeader.h</string>
				<key>TARGETED_DEVICE_FAMILY</key>
				<string>1,2</string>
				<key>USER_HEADER_SEARCH_PATHS</key>
				<string>TouchGame/BridgerHeader.h</string>
			</dict>
			<key>isa</key>
			<string>XCBuildConfiguration</string>
			<key>name</key>
			<string>Debug</string>
		</dict>
		<key>526CE8CD1C4F5EAA00D89CC7</key>
		<dict>
			<key>buildSettings</key>
			<dict>
				<key>ASSETCATALOG_COMPILER_APPICON_NAME</key>
				<string>AppIcon</string>
				<key>CODE_SIGN_IDENTITY</key>
				<string>iPhone Developer</string>
				<key>CODE_SIGN_IDENTITY[sdk=iphoneos*]</key>
				<string>iPhone Developer</string>
				<key>ENABLE_BITCODE</key>
				<string>NO</string>
				<key>FRAMEWORK_SEARCH_PATHS</key>
				<array>
					<string>$(inherited)</string>
					<string>$(PROJECT_DIR)/TouchGame</string>
					<string>$(PROJECT_DIR)</string>
					<string>Rollout-ios-SDK/Rollout</string>
				</array>
				<key>INFOPLIST_FILE</key>
				<string>TouchGame/Info.plist</string>
				<key>IPHONEOS_DEPLOYMENT_TARGET</key>
				<string>8.4</string>
				<key>LD_RUNPATH_SEARCH_PATHS</key>
				<string>$(inherited) @executable_path/Frameworks</string>
				<key>PRODUCT_BUNDLE_IDENTIFIER</key>
				<string>.com.HumpTrump.TouchGame</string>
				<key>PRODUCT_NAME</key>
				<string>TetraSwipe</string>
				<key>PROVISIONING_PROFILE</key>
				<string></string>
				<key>SWIFT_OBJC_BRIDGING_HEADER</key>
				<string>TouchGame/BridgerHeader.h</string>
				<key>TARGETED_DEVICE_FAMILY</key>
				<string>1,2</string>
				<key>USER_HEADER_SEARCH_PATHS</key>
				<string>TouchGame/BridgerHeader.h</string>
			</dict>
			<key>isa</key>
			<string>XCBuildConfiguration</string>
			<key>name</key>
			<string>Release</string>
		</dict>
		<key>526CE8CE1C4F5EAA00D89CC7</key>
		<dict>
			<key>buildConfigurations</key>
			<array>
				<string>526CE8CF1C4F5EAA00D89CC7</string>
				<string>526CE8D01C4F5EAA00D89CC7</string>
			</array>
			<key>defaultConfigurationIsVisible</key>
			<string>0</string>
			<key>defaultConfigurationName</key>
			<string>Release</string>
			<key>isa</key>
			<string>XCConfigurationList</string>
		</dict>
		<key>526CE8CF1C4F5EAA00D89CC7</key>
		<dict>
			<key>buildSettings</key>
			<dict>
				<key>BUNDLE_LOADER</key>
				<string>$(TEST_HOST)</string>
				<key>DEBUG_INFORMATION_FORMAT</key>
				<string>dwarf</string>
				<key>FRAMEWORK_SEARCH_PATHS</key>
				<array>
					<string>$(inherited)</string>
					<string>Rollout-ios-SDK/Rollout</string>
				</array>
				<key>INFOPLIST_FILE</key>
				<string>TouchGameTests/Info.plist</string>
				<key>LD_RUNPATH_SEARCH_PATHS</key>
				<string>$(inherited) @executable_path/Frameworks @loader_path/Frameworks</string>
				<key>PRODUCT_BUNDLE_IDENTIFIER</key>
				<string>HumpTrump.TouchGameTests</string>
				<key>PRODUCT_NAME</key>
				<string>TetraSwipe</string>
				<key>TEST_HOST</key>
				<string>$(BUILT_PRODUCTS_DIR)/TetraSwipe.app/TetraSwipe</string>
			</dict>
			<key>isa</key>
			<string>XCBuildConfiguration</string>
			<key>name</key>
			<string>Debug</string>
		</dict>
		<key>526CE8D01C4F5EAA00D89CC7</key>
		<dict>
			<key>buildSettings</key>
			<dict>
				<key>BUNDLE_LOADER</key>
				<string>$(TEST_HOST)</string>
				<key>FRAMEWORK_SEARCH_PATHS</key>
				<array>
					<string>$(inherited)</string>
					<string>Rollout-ios-SDK/Rollout</string>
				</array>
				<key>INFOPLIST_FILE</key>
				<string>TouchGameTests/Info.plist</string>
				<key>LD_RUNPATH_SEARCH_PATHS</key>
				<string>$(inherited) @executable_path/Frameworks @loader_path/Frameworks</string>
				<key>PRODUCT_BUNDLE_IDENTIFIER</key>
				<string>HumpTrump.TouchGameTests</string>
				<key>PRODUCT_NAME</key>
				<string>TetraSwipe</string>
				<key>TEST_HOST</key>
				<string>$(BUILT_PRODUCTS_DIR)/TetraSwipe.app/TetraSwipe</string>
			</dict>
			<key>isa</key>
			<string>XCBuildConfiguration</string>
			<key>name</key>
			<string>Release</string>
		</dict>
		<key>526CE8D11C4F5EAA00D89CC7</key>
		<dict>
			<key>buildConfigurations</key>
			<array>
				<string>526CE8D21C4F5EAA00D89CC7</string>
				<string>526CE8D31C4F5EAA00D89CC7</string>
			</array>
			<key>defaultConfigurationIsVisible</key>
			<string>0</string>
			<key>defaultConfigurationName</key>
			<string>Release</string>
			<key>isa</key>
			<string>XCConfigurationList</string>
		</dict>
		<key>526CE8D21C4F5EAA00D89CC7</key>
		<dict>
			<key>buildSettings</key>
			<dict>
				<key>DEBUG_INFORMATION_FORMAT</key>
				<string>dwarf</string>
				<key>FRAMEWORK_SEARCH_PATHS</key>
				<array>
					<string>$(inherited)</string>
					<string>Rollout-ios-SDK/Rollout</string>
				</array>
				<key>INFOPLIST_FILE</key>
				<string>TouchGameUITests/Info.plist</string>
				<key>LD_RUNPATH_SEARCH_PATHS</key>
				<string>$(inherited) @executable_path/Frameworks @loader_path/Frameworks</string>
				<key>PRODUCT_BUNDLE_IDENTIFIER</key>
				<string>HumpTrump.TouchGameUITests</string>
				<key>PRODUCT_NAME</key>
				<string>TetraSwipe</string>
				<key>TEST_TARGET_NAME</key>
				<string>TouchGame</string>
				<key>USES_XCTRUNNER</key>
				<string>YES</string>
			</dict>
			<key>isa</key>
			<string>XCBuildConfiguration</string>
			<key>name</key>
			<string>Debug</string>
		</dict>
		<key>526CE8D31C4F5EAA00D89CC7</key>
		<dict>
			<key>buildSettings</key>
			<dict>
				<key>FRAMEWORK_SEARCH_PATHS</key>
				<array>
					<string>$(inherited)</string>
					<string>Rollout-ios-SDK/Rollout</string>
				</array>
				<key>INFOPLIST_FILE</key>
				<string>TouchGameUITests/Info.plist</string>
				<key>LD_RUNPATH_SEARCH_PATHS</key>
				<string>$(inherited) @executable_path/Frameworks @loader_path/Frameworks</string>
				<key>PRODUCT_BUNDLE_IDENTIFIER</key>
				<string>HumpTrump.TouchGameUITests</string>
				<key>PRODUCT_NAME</key>
				<string>TetraSwipe</string>
				<key>TEST_TARGET_NAME</key>
				<string>TouchGame</string>
				<key>USES_XCTRUNNER</key>
				<string>YES</string>
			</dict>
			<key>isa</key>
			<string>XCBuildConfiguration</string>
			<key>name</key>
			<string>Release</string>
		</dict>
		<key>526E49E41C574BF7000F461D</key>
		<dict>
			<key>isa</key>
			<string>PBXFileReference</string>
			<key>lastKnownFileType</key>
			<string>wrapper.framework</string>
			<key>name</key>
			<string>Social.framework</string>
			<key>path</key>
			<string>System/Library/Frameworks/Social.framework</string>
			<key>sourceTree</key>
			<string>SDKROOT</string>
		</dict>
		<key>526E49E51C574BF7000F461D</key>
		<dict>
			<key>fileRef</key>
			<string>526E49E41C574BF7000F461D</string>
			<key>isa</key>
			<string>PBXBuildFile</string>
		</dict>
		<key>526E49E61C574BFE000F461D</key>
		<dict>
			<key>isa</key>
			<string>PBXFileReference</string>
			<key>lastKnownFileType</key>
			<string>wrapper.framework</string>
			<key>name</key>
			<string>Accounts.framework</string>
			<key>path</key>
			<string>System/Library/Frameworks/Accounts.framework</string>
			<key>sourceTree</key>
			<string>SDKROOT</string>
		</dict>
		<key>526E49E71C574BFE000F461D</key>
		<dict>
			<key>fileRef</key>
			<string>526E49E61C574BFE000F461D</string>
			<key>isa</key>
			<string>PBXBuildFile</string>
		</dict>
		<key>526E49E81C581CDA000F461D</key>
		<dict>
			<key>fileEncoding</key>
			<string>4</string>
			<key>isa</key>
			<string>PBXFileReference</string>
			<key>lastKnownFileType</key>
			<string>sourcecode.swift</string>
			<key>path</key>
			<string>Constants.swift</string>
			<key>sourceTree</key>
			<string>&lt;group&gt;</string>
		</dict>
		<key>526E49ED1C5826F9000F461D</key>
		<dict>
			<key>children</key>
			<array>
				<string>52469DFE1C614F6C00F5B670</string>
			</array>
			<key>isa</key>
			<string>PBXGroup</string>
			<key>name</key>
			<string>Supporting Files</string>
			<key>path</key>
			<string>..</string>
			<key>sourceTree</key>
			<string>&lt;group&gt;</string>
		</dict>
		<key>526E49EF1C582DC1000F461D</key>
		<dict>
			<key>isa</key>
			<string>PBXFileReference</string>
			<key>lastKnownFileType</key>
			<string>wrapper.framework</string>
			<key>name</key>
			<string>Foundation.framework</string>
			<key>path</key>
			<string>System/Library/Frameworks/Foundation.framework</string>
			<key>sourceTree</key>
			<string>SDKROOT</string>
		</dict>
		<key>526E49F01C582DC1000F461D</key>
		<dict>
			<key>fileRef</key>
			<string>526E49EF1C582DC1000F461D</string>
			<key>isa</key>
			<string>PBXBuildFile</string>
		</dict>
		<key>526E49F11C582DE3000F461D</key>
		<dict>
			<key>isa</key>
			<string>PBXFileReference</string>
			<key>lastKnownFileType</key>
			<string>wrapper.framework</string>
			<key>name</key>
			<string>CoreGraphics.framework</string>
			<key>path</key>
			<string>System/Library/Frameworks/CoreGraphics.framework</string>
			<key>sourceTree</key>
			<string>SDKROOT</string>
		</dict>
		<key>526E49F21C582DE3000F461D</key>
		<dict>
			<key>isa</key>
			<string>PBXFileReference</string>
			<key>lastKnownFileType</key>
			<string>wrapper.framework</string>
			<key>name</key>
			<string>UIKit.framework</string>
			<key>path</key>
			<string>System/Library/Frameworks/UIKit.framework</string>
			<key>sourceTree</key>
			<string>SDKROOT</string>
		</dict>
		<key>526E49F31C582DE3000F461D</key>
		<dict>
			<key>fileRef</key>
			<string>526E49F11C582DE3000F461D</string>
			<key>isa</key>
			<string>PBXBuildFile</string>
		</dict>
		<key>52833DE71C6A9D4C008D081F</key>
		<dict>
			<key>isa</key>
			<string>PBXFileReference</string>
			<key>lastKnownFileType</key>
			<string>wrapper.framework</string>
			<key>path</key>
			<string>GoogleMobileAds.framework</string>
			<key>sourceTree</key>
			<string>&lt;group&gt;</string>
		</dict>
		<key>52833DE91C6A9DBE008D081F</key>
		<dict>
			<key>isa</key>
			<string>PBXFileReference</string>
			<key>lastKnownFileType</key>
			<string>wrapper.framework</string>
			<key>name</key>
			<string>AudioToolbox.framework</string>
			<key>path</key>
			<string>System/Library/Frameworks/AudioToolbox.framework</string>
			<key>sourceTree</key>
			<string>SDKROOT</string>
		</dict>
		<key>52833DEA1C6A9DBE008D081F</key>
		<dict>
			<key>fileRef</key>
			<string>52833DE91C6A9DBE008D081F</string>
			<key>isa</key>
			<string>PBXBuildFile</string>
		</dict>
		<key>52833DEB1C6A9E00008D081F</key>
		<dict>
			<key>isa</key>
			<string>PBXFileReference</string>
			<key>lastKnownFileType</key>
			<string>wrapper.framework</string>
			<key>name</key>
			<string>AdSupport.framework</string>
			<key>path</key>
			<string>System/Library/Frameworks/AdSupport.framework</string>
			<key>sourceTree</key>
			<string>SDKROOT</string>
		</dict>
		<key>52833DEC1C6A9E00008D081F</key>
		<dict>
			<key>isa</key>
			<string>PBXFileReference</string>
			<key>lastKnownFileType</key>
			<string>wrapper.framework</string>
			<key>name</key>
			<string>AVFoundation.framework</string>
			<key>path</key>
			<string>System/Library/Frameworks/AVFoundation.framework</string>
			<key>sourceTree</key>
			<string>SDKROOT</string>
		</dict>
		<key>52833DED1C6A9E00008D081F</key>
		<dict>
			<key>isa</key>
			<string>PBXFileReference</string>
			<key>lastKnownFileType</key>
			<string>wrapper.framework</string>
			<key>name</key>
			<string>CoreMedia.framework</string>
			<key>path</key>
			<string>System/Library/Frameworks/CoreMedia.framework</string>
			<key>sourceTree</key>
			<string>SDKROOT</string>
		</dict>
		<key>52833DEE1C6A9E00008D081F</key>
		<dict>
			<key>isa</key>
			<string>PBXFileReference</string>
			<key>lastKnownFileType</key>
			<string>wrapper.framework</string>
			<key>name</key>
			<string>CoreTelephony.framework</string>
			<key>path</key>
			<string>System/Library/Frameworks/CoreTelephony.framework</string>
			<key>sourceTree</key>
			<string>SDKROOT</string>
		</dict>
		<key>52833DEF1C6A9E00008D081F</key>
		<dict>
			<key>isa</key>
			<string>PBXFileReference</string>
			<key>lastKnownFileType</key>
			<string>wrapper.framework</string>
			<key>name</key>
			<string>EventKit.framework</string>
			<key>path</key>
			<string>System/Library/Frameworks/EventKit.framework</string>
			<key>sourceTree</key>
			<string>SDKROOT</string>
		</dict>
		<key>52833DF01C6A9E00008D081F</key>
		<dict>
			<key>isa</key>
			<string>PBXFileReference</string>
			<key>lastKnownFileType</key>
			<string>wrapper.framework</string>
			<key>name</key>
			<string>EventKitUI.framework</string>
			<key>path</key>
			<string>System/Library/Frameworks/EventKitUI.framework</string>
			<key>sourceTree</key>
			<string>SDKROOT</string>
		</dict>
		<key>52833DF11C6A9E00008D081F</key>
		<dict>
			<key>isa</key>
			<string>PBXFileReference</string>
			<key>lastKnownFileType</key>
			<string>wrapper.framework</string>
			<key>name</key>
			<string>MessageUI.framework</string>
			<key>path</key>
			<string>System/Library/Frameworks/MessageUI.framework</string>
			<key>sourceTree</key>
			<string>SDKROOT</string>
		</dict>
		<key>52833DF21C6A9E00008D081F</key>
		<dict>
			<key>isa</key>
			<string>PBXFileReference</string>
			<key>lastKnownFileType</key>
			<string>wrapper.framework</string>
			<key>name</key>
			<string>SystemConfiguration.framework</string>
			<key>path</key>
			<string>System/Library/Frameworks/SystemConfiguration.framework</string>
			<key>sourceTree</key>
			<string>SDKROOT</string>
		</dict>
		<key>52833DF31C6A9E00008D081F</key>
		<dict>
			<key>fileRef</key>
			<string>52833DEB1C6A9E00008D081F</string>
			<key>isa</key>
			<string>PBXBuildFile</string>
		</dict>
		<key>52833DF41C6A9E00008D081F</key>
		<dict>
			<key>fileRef</key>
			<string>52833DEC1C6A9E00008D081F</string>
			<key>isa</key>
			<string>PBXBuildFile</string>
		</dict>
		<key>52833DF51C6A9E00008D081F</key>
		<dict>
			<key>fileRef</key>
			<string>52833DED1C6A9E00008D081F</string>
			<key>isa</key>
			<string>PBXBuildFile</string>
		</dict>
		<key>52833DF71C6A9E00008D081F</key>
		<dict>
			<key>fileRef</key>
			<string>52833DEF1C6A9E00008D081F</string>
			<key>isa</key>
			<string>PBXBuildFile</string>
		</dict>
		<key>52833DF81C6A9E00008D081F</key>
		<dict>
			<key>fileRef</key>
			<string>52833DF01C6A9E00008D081F</string>
			<key>isa</key>
			<string>PBXBuildFile</string>
		</dict>
		<key>52833DF91C6A9E00008D081F</key>
		<dict>
			<key>fileRef</key>
			<string>52833DF11C6A9E00008D081F</string>
			<key>isa</key>
			<string>PBXBuildFile</string>
		</dict>
		<key>52833DFA1C6A9E00008D081F</key>
		<dict>
			<key>fileRef</key>
			<string>52833DF21C6A9E00008D081F</string>
			<key>isa</key>
			<string>PBXBuildFile</string>
		</dict>
		<key>52833DFB1C6AAAFB008D081F</key>
		<dict>
			<key>fileRef</key>
			<string>526E49E81C581CDA000F461D</string>
			<key>isa</key>
			<string>PBXBuildFile</string>
		</dict>
		<key>52833DFC1C6AF8CB008D081F</key>
		<dict>
			<key>fileEncoding</key>
			<string>4</string>
			<key>isa</key>
			<string>PBXFileReference</string>
			<key>lastKnownFileType</key>
			<string>file.storyboard</string>
			<key>name</key>
			<string>Launch Screen.storyboard</string>
			<key>path</key>
			<string>../Launch Screen.storyboard</string>
			<key>sourceTree</key>
			<string>&lt;group&gt;</string>
		</dict>
		<key>52833DFD1C6AF8CB008D081F</key>
		<dict>
			<key>fileRef</key>
			<string>52833DFC1C6AF8CB008D081F</string>
			<key>isa</key>
			<string>PBXBuildFile</string>
		</dict>
		<key>52A68C0C1C55B954007A243C</key>
		<dict>
			<key>fileEncoding</key>
			<string>4</string>
			<key>isa</key>
			<string>PBXFileReference</string>
			<key>lastKnownFileType</key>
			<string>sourcecode.swift</string>
			<key>path</key>
			<string>GameOver.swift</string>
			<key>sourceTree</key>
			<string>&lt;group&gt;</string>
		</dict>
		<key>52A68C0D1C55B954007A243C</key>
		<dict>
			<key>fileRef</key>
			<string>52A68C0C1C55B954007A243C</string>
			<key>isa</key>
			<string>PBXBuildFile</string>
		</dict>
		<key>52BFDD021C5C4A070085F805</key>
		<dict>
			<key>isa</key>
			<string>PBXFileReference</string>
			<key>lastKnownFileType</key>
			<string>audio.mp3</string>
			<key>path</key>
			<string>TapSound.mp3</string>
			<key>sourceTree</key>
			<string>&lt;group&gt;</string>
		</dict>
		<key>52BFDD031C5C4A070085F805</key>
		<dict>
			<key>fileRef</key>
			<string>52BFDD021C5C4A070085F805</string>
			<key>isa</key>
			<string>PBXBuildFile</string>
		</dict>
		<key>52BFDD061C5EAAB90085F805</key>
		<dict>
			<key>isa</key>
			<string>PBXFileReference</string>
			<key>lastKnownFileType</key>
			<string>wrapper.framework</string>
			<key>name</key>
			<string>iAd.framework</string>
			<key>path</key>
			<string>System/Library/Frameworks/iAd.framework</string>
			<key>sourceTree</key>
			<string>SDKROOT</string>
		</dict>
		<key>52BFDD071C5EAABA0085F805</key>
		<dict>
			<key>fileRef</key>
			<string>52BFDD061C5EAAB90085F805</string>
			<key>isa</key>
			<string>PBXBuildFile</string>
		</dict>
		<key>55D6B26C34D84861AEE2ADBB</key>
		<dict>
			<key>buildActionMask</key>
			<string>2147483647</string>
			<key>files</key>
			<array/>
			<key>inputPaths</key>
			<array/>
			<key>isa</key>
			<string>PBXShellScriptBuildPhase</string>
			<key>name</key>
			<string>Rollout.io dsym upload</string>
			<key>outputPaths</key>
			<array/>
			<key>runOnlyForDeploymentPostprocessing</key>
			<string>0</string>
			<key>shellPath</key>
			<string>/bin/sh</string>
			<key>shellScript</key>
			<string>ROLLOUT_lastXcodeprojConfiguration=5 "${SRCROOT}/Rollout-ios-SDK/lib/upload_dsym_phase" -k 56ce35bb0cc04e94640894f0</string>
			<key>showEnvVarsInLog</key>
			<string>1</string>
		</dict>
		<key>6F3757DD028345678A294ED2</key>
		<dict>
			<key>buildSettings</key>
			<dict>
				<key>ALWAYS_SEARCH_USER_PATHS</key>
				<string>NO</string>
				<key>CLANG_CXX_LANGUAGE_STANDARD</key>
				<string>gnu++0x</string>
				<key>CLANG_CXX_LIBRARY</key>
				<string>libc++</string>
				<key>CLANG_ENABLE_MODULES</key>
				<string>YES</string>
				<key>CLANG_ENABLE_OBJC_ARC</key>
				<string>YES</string>
				<key>CLANG_WARN_BOOL_CONVERSION</key>
				<string>YES</string>
				<key>CLANG_WARN_CONSTANT_CONVERSION</key>
				<string>YES</string>
				<key>CLANG_WARN_DIRECT_OBJC_ISA_USAGE</key>
				<string>YES_ERROR</string>
				<key>CLANG_WARN_EMPTY_BODY</key>
				<string>YES</string>
				<key>CLANG_WARN_ENUM_CONVERSION</key>
				<string>YES</string>
				<key>CLANG_WARN_INT_CONVERSION</key>
				<string>YES</string>
				<key>CLANG_WARN_OBJC_ROOT_CLASS</key>
				<string>YES_ERROR</string>
				<key>COPY_PHASE_STRIP</key>
				<string>YES</string>
				<key>GCC_C_LANGUAGE_STANDARD</key>
				<string>gnu99</string>
				<key>GCC_DYNAMIC_NO_PIC</key>
				<string>NO</string>
				<key>GCC_OPTIMIZATION_LEVEL</key>
				<string>0</string>
				<key>GCC_PREPROCESSOR_DEFINITIONS</key>
				<array>
					<string>DEBUG=1</string>
					<string>$(inherited)</string>
				</array>
				<key>GCC_SYMBOLS_PRIVATE_EXTERN</key>
				<string>NO</string>
				<key>GCC_WARN_64_TO_32_BIT_CONVERSION</key>
				<string>YES</string>
				<key>GCC_WARN_ABOUT_RETURN_TYPE</key>
				<string>YES_ERROR</string>
				<key>GCC_WARN_UNDECLARED_SELECTOR</key>
				<string>YES</string>
				<key>GCC_WARN_UNINITIALIZED_AUTOS</key>
				<string>YES</string>
				<key>GCC_WARN_UNUSED_FUNCTION</key>
				<string>YES</string>
				<key>GCC_WARN_UNUSED_VARIABLE</key>
				<string>YES</string>
				<key>ONLY_ACTIVE_ARCH</key>
				<string>YES</string>
			</dict>
			<key>isa</key>
			<string>XCBuildConfiguration</string>
			<key>name</key>
			<string>Debug</string>
		</dict>
		<key>789D73602D9E4AE3A0D5926C</key>
		<dict>
			<key>buildSettings</key>
			<dict>
				<key>ALWAYS_SEARCH_USER_PATHS</key>
				<string>NO</string>
				<key>CLANG_CXX_LANGUAGE_STANDARD</key>
				<string>gnu++0x</string>
				<key>CLANG_CXX_LIBRARY</key>
				<string>libc++</string>
				<key>CLANG_ENABLE_MODULES</key>
				<string>YES</string>
				<key>CLANG_ENABLE_OBJC_ARC</key>
				<string>YES</string>
				<key>CLANG_WARN_BOOL_CONVERSION</key>
				<string>YES</string>
				<key>CLANG_WARN_CONSTANT_CONVERSION</key>
				<string>YES</string>
				<key>CLANG_WARN_DIRECT_OBJC_ISA_USAGE</key>
				<string>YES_ERROR</string>
				<key>CLANG_WARN_EMPTY_BODY</key>
				<string>YES</string>
				<key>CLANG_WARN_ENUM_CONVERSION</key>
				<string>YES</string>
				<key>CLANG_WARN_INT_CONVERSION</key>
				<string>YES</string>
				<key>CLANG_WARN_OBJC_ROOT_CLASS</key>
				<string>YES_ERROR</string>
				<key>COPY_PHASE_STRIP</key>
				<string>NO</string>
				<key>ENABLE_NS_ASSERTIONS</key>
				<string>NO</string>
				<key>GCC_C_LANGUAGE_STANDARD</key>
				<string>gnu99</string>
				<key>GCC_WARN_64_TO_32_BIT_CONVERSION</key>
				<string>YES</string>
				<key>GCC_WARN_ABOUT_RETURN_TYPE</key>
				<string>YES_ERROR</string>
				<key>GCC_WARN_UNDECLARED_SELECTOR</key>
				<string>YES</string>
				<key>GCC_WARN_UNINITIALIZED_AUTOS</key>
				<string>YES</string>
				<key>GCC_WARN_UNUSED_FUNCTION</key>
				<string>YES</string>
				<key>GCC_WARN_UNUSED_VARIABLE</key>
				<string>YES</string>
				<key>VALIDATE_PRODUCT</key>
				<string>YES</string>
			</dict>
			<key>isa</key>
			<string>XCBuildConfiguration</string>
			<key>name</key>
			<string>Release</string>
		</dict>
		<key>8E03FA63C698425AA00B4700</key>
		<dict>
			<key>isa</key>
			<string>PBXFileReference</string>
			<key>lastKnownFileType</key>
			<string>wrapper.framework</string>
			<key>name</key>
			<string>JavaScriptCore.framework</string>
			<key>path</key>
			<string>System/Library/Frameworks/JavaScriptCore.framework</string>
			<key>sourceTree</key>
			<string>SDKROOT</string>
		</dict>
		<key>8F3D71DC4E04445F8398257E</key>
		<dict>
			<key>children</key>
			<array>
				<string>8E03FA63C698425AA00B4700</string>
			</array>
			<key>isa</key>
			<string>PBXGroup</string>
			<key>name</key>
			<string>Frameworks</string>
			<key>sourceTree</key>
			<string>&lt;group&gt;</string>
		</dict>
		<key>C3B36613BD4E41F5A6566664</key>
		<dict>
			<key>fileRef</key>
			<string>D486A8A25C804C57AEC19E78</string>
			<key>isa</key>
			<string>PBXBuildFile</string>
		</dict>
		<key>D486A8A25C804C57AEC19E78</key>
		<dict>
			<key>isa</key>
			<string>PBXFileReference</string>
			<key>lastKnownFileType</key>
			<string>wrapper.framework</string>
			<key>name</key>
			<string>Rollout.framework</string>
			<key>path</key>
			<string>Rollout-ios-SDK/Rollout/Rollout.framework</string>
			<key>sourceTree</key>
			<string>&lt;group&gt;</string>
		</dict>
		<key>E7AAAF548E33464E83D837B1</key>
		<dict>
			<key>children</key>
			<array/>
			<key>isa</key>
			<string>PBXGroup</string>
			<key>name</key>
			<string>Frameworks</string>
			<key>sourceTree</key>
			<string>&lt;group&gt;</string>
		</dict>
	</dict>
	<key>rootObject</key>
	<string>526CE8971C4F5EA900D89CC7</string>
</dict>
</plist>
